
Microsoft Visual Studio Solution File, Format Version 12.00
# Visual Studio 15
VisualStudioVersion = 15.0.27004.2006
MinimumVisualStudioVersion = 10.0.40219.1
Project("{FAE04EC0-301F-11D3-BF4B-00C04F79EFBC}") = "Laboratorium_z_PO_Zestaw_01", "Laboratorium_z_PO_Zestaw_01\Laboratorium_z_PO_Zestaw_01.csproj", "{7EC44043-1475-4ACD-93F2-24C9F1F646BC}"
EndProject
Project("{FAE04EC0-301F-11D3-BF4B-00C04F79EFBC}") = "Laboratorium_z_PO_Zestaw_01Tests", "Laboratorium_z_PO_Zestaw_01Tests\Laboratorium_z_PO_Zestaw_01Tests.csproj", "{C387B787-A7BB-46DD-99F2-525F9C88F989}"
EndProject
Global
	GlobalSection(SolutionConfigurationPlatforms) = preSolution
		Debug|Any CPU = Debug|Any CPU
		Release|Any CPU = Release|Any CPU
	EndGlobalSection
	GlobalSection(ProjectConfigurationPlatforms) = postSolution
		{7EC44043-1475-4ACD-93F2-24C9F1F646BC}.Debug|Any CPU.ActiveCfg = Debug|Any CPU
		{7EC44043-1475-4ACD-93F2-24C9F1F646BC}.Debug|Any CPU.Build.0 = Debug|Any CPU
		{7EC44043-1475-4ACD-93F2-24C9F1F646BC}.Release|Any CPU.ActiveCfg = Release|Any CPU
		{7EC44043-1475-4ACD-93F2-24C9F1F646BC}.Release|Any CPU.Build.0 = Release|Any CPU
		{C387B787-A7BB-46DD-99F2-525F9C88F989}.Debug|Any CPU.ActiveCfg = Debug|Any CPU
		{C387B787-A7BB-46DD-99F2-525F9C88F989}.Debug|Any CPU.Build.0 = Debug|Any CPU
		{C387B787-A7BB-46DD-99F2-525F9C88F989}.Release|Any CPU.ActiveCfg = Release|Any CPU
		{C387B787-A7BB-46DD-99F2-525F9C88F989}.Release|Any CPU.Build.0 = Release|Any CPU
	EndGlobalSection
	GlobalSection(SolutionProperties) = preSolution
		HideSolutionNode = FALSE
	EndGlobalSection
	GlobalSection(ExtensibilityGlobals) = postSolution
		SolutionGuid = {C33937CF-06CF-47CE-AF9D-12E25AE86696}
	EndGlobalSection
EndGlobal
